
Microsoft Visual Studio Solution File, Format Version 11.00
# Visual Studio 2010
# SharpDevelop 4.4
Project("{FAE04EC0-301F-11D3-BF4B-00C04F79EFBC}") = "GermanxChino", "GermanxChino\GermanxChino.csproj", "{119F9B4C-047D-4FA7-805E-FAF14EC6A73C}"
EndProject
Global
	GlobalSection(SolutionConfigurationPlatforms) = preSolution
		Debug|Any CPU = Debug|Any CPU
		Release|Any CPU = Release|Any CPU
	EndGlobalSection
	GlobalSection(ProjectConfigurationPlatforms) = postSolution
		{119F9B4C-047D-4FA7-805E-FAF14EC6A73C}.Debug|Any CPU.Build.0 = Debug|Any CPU
		{119F9B4C-047D-4FA7-805E-FAF14EC6A73C}.Debug|Any CPU.ActiveCfg = Debug|Any CPU
		{119F9B4C-047D-4FA7-805E-FAF14EC6A73C}.Release|Any CPU.Build.0 = Release|Any CPU
		{119F9B4C-047D-4FA7-805E-FAF14EC6A73C}.Release|Any CPU.ActiveCfg = Release|Any CPU
	EndGlobalSection
EndGlobal
